
Microsoft Visual Studio Solution File, Format Version 12.00
# Visual Studio Version 18
VisualStudioVersion = 18.5.11716.220
MinimumVisualStudioVersion = 10.0.40219.1
Project("{FAE04EC0-301F-11D3-BF4B-00C04F79EFBC}") = "Application", "Application\Application.csproj", "{291030A4-E40B-4E86-BCF6-2F60F8FE75F1}"
EndProject
Project("{FAE04EC0-301F-11D3-BF4B-00C04F79EFBC}") = "Infrastructure.Data", "Infrastructure\Infrastructure.Data.csproj", "{04704F82-2FEC-4E69-ADAE-7278C3D948BD}"
EndProject
Project("{2150E333-8FDC-42A3-9474-1A3956D46DE8}") = "1. Presentation", "1. Presentation", "{033E12E6-B4E5-4B9A-B5C0-6FDEC0C70A8C}"
EndProject
Project("{2150E333-8FDC-42A3-9474-1A3956D46DE8}") = "2. Application", "2. Application", "{9F96D274-30C2-4528-BA10-AF778DA10094}"
EndProject
Project("{2150E333-8FDC-42A3-9474-1A3956D46DE8}") = "4. Infrastructure", "4. Infrastructure", "{20BCAD9C-EA50-44FC-AD01-6BC1612DDB5B}"
EndProject
Project("{FAE04EC0-301F-11D3-BF4B-00C04F79EFBC}") = "Domain", "Domain\Domain.csproj", "{D8329970-10D7-4183-AB60-10F6293004AE}"
EndProject
Project("{2150E333-8FDC-42A3-9474-1A3956D46DE8}") = "3. Domain", "3. Domain", "{56E90C48-D0CF-42DE-8EA3-54CEDE5D1925}"
EndProject
Project("{FAE04EC0-301F-11D3-BF4B-00C04F79EFBC}") = "UserTests", "UserTests\UserTests.csproj", "{5B6C6E89-D4F5-43BF-BEA8-DAEAD0B1F2F7}"
EndProject
Project("{54A90642-561A-4BB1-A94E-469ADEE60C69}") = "audiform.presentation.client", "Audiform.Presentation\audiform.presentation.client\audiform.presentation.client.esproj", "{21658B80-9293-C170-A6B7-978EDA4D2D79}"
EndProject
Project("{FAE04EC0-301F-11D3-BF4B-00C04F79EFBC}") = "Audiform.Presentation.Server", "Audiform.Presentation\Audiform.Presentation.Server\Audiform.Presentation.Server.csproj", "{4F703190-2727-41F7-B988-A7B690F3DA04}"
EndProject
Global
	GlobalSection(SolutionConfigurationPlatforms) = preSolution
		Debug|Any CPU = Debug|Any CPU
		Release|Any CPU = Release|Any CPU
	EndGlobalSection
	GlobalSection(ProjectConfigurationPlatforms) = postSolution
		{291030A4-E40B-4E86-BCF6-2F60F8FE75F1}.Debug|Any CPU.ActiveCfg = Debug|Any CPU
		{291030A4-E40B-4E86-BCF6-2F60F8FE75F1}.Debug|Any CPU.Build.0 = Debug|Any CPU
		{291030A4-E40B-4E86-BCF6-2F60F8FE75F1}.Release|Any CPU.ActiveCfg = Release|Any CPU
		{291030A4-E40B-4E86-BCF6-2F60F8FE75F1}.Release|Any CPU.Build.0 = Release|Any CPU
		{04704F82-2FEC-4E69-ADAE-7278C3D948BD}.Debug|Any CPU.ActiveCfg = Debug|Any CPU
		{04704F82-2FEC-4E69-ADAE-7278C3D948BD}.Debug|Any CPU.Build.0 = Debug|Any CPU
		{04704F82-2FEC-4E69-ADAE-7278C3D948BD}.Release|Any CPU.ActiveCfg = Release|Any CPU
		{04704F82-2FEC-4E69-ADAE-7278C3D948BD}.Release|Any CPU.Build.0 = Release|Any CPU
		{D8329970-10D7-4183-AB60-10F6293004AE}.Debug|Any CPU.ActiveCfg = Debug|Any CPU
		{D8329970-10D7-4183-AB60-10F6293004AE}.Debug|Any CPU.Build.0 = Debug|Any CPU
		{D8329970-10D7-4183-AB60-10F6293004AE}.Release|Any CPU.ActiveCfg = Release|Any CPU
		{D8329970-10D7-4183-AB60-10F6293004AE}.Release|Any CPU.Build.0 = Release|Any CPU
		{5B6C6E89-D4F5-43BF-BEA8-DAEAD0B1F2F7}.Debug|Any CPU.ActiveCfg = Debug|Any CPU
		{5B6C6E89-D4F5-43BF-BEA8-DAEAD0B1F2F7}.Debug|Any CPU.Build.0 = Debug|Any CPU
		{5B6C6E89-D4F5-43BF-BEA8-DAEAD0B1F2F7}.Release|Any CPU.ActiveCfg = Release|Any CPU
		{5B6C6E89-D4F5-43BF-BEA8-DAEAD0B1F2F7}.Release|Any CPU.Build.0 = Release|Any CPU
		{21658B80-9293-C170-A6B7-978EDA4D2D79}.Debug|Any CPU.ActiveCfg = Debug|Any CPU
		{21658B80-9293-C170-A6B7-978EDA4D2D79}.Debug|Any CPU.Build.0 = Debug|Any CPU
		{21658B80-9293-C170-A6B7-978EDA4D2D79}.Debug|Any CPU.Deploy.0 = Debug|Any CPU
		{21658B80-9293-C170-A6B7-978EDA4D2D79}.Release|Any CPU.ActiveCfg = Release|Any CPU
		{21658B80-9293-C170-A6B7-978EDA4D2D79}.Release|Any CPU.Build.0 = Release|Any CPU
		{21658B80-9293-C170-A6B7-978EDA4D2D79}.Release|Any CPU.Deploy.0 = Release|Any CPU
		{4F703190-2727-41F7-B988-A7B690F3DA04}.Debug|Any CPU.ActiveCfg = Debug|Any CPU
		{4F703190-2727-41F7-B988-A7B690F3DA04}.Debug|Any CPU.Build.0 = Debug|Any CPU
		{4F703190-2727-41F7-B988-A7B690F3DA04}.Release|Any CPU.ActiveCfg = Release|Any CPU
		{4F703190-2727-41F7-B988-A7B690F3DA04}.Release|Any CPU.Build.0 = Release|Any CPU
	EndGlobalSection
	GlobalSection(SolutionProperties) = preSolution
		HideSolutionNode = FALSE
	EndGlobalSection
	GlobalSection(NestedProjects) = preSolution
		{291030A4-E40B-4E86-BCF6-2F60F8FE75F1} = {9F96D274-30C2-4528-BA10-AF778DA10094}
		{04704F82-2FEC-4E69-ADAE-7278C3D948BD} = {20BCAD9C-EA50-44FC-AD01-6BC1612DDB5B}
		{D8329970-10D7-4183-AB60-10F6293004AE} = {56E90C48-D0CF-42DE-8EA3-54CEDE5D1925}
		{21658B80-9293-C170-A6B7-978EDA4D2D79} = {033E12E6-B4E5-4B9A-B5C0-6FDEC0C70A8C}
		{4F703190-2727-41F7-B988-A7B690F3DA04} = {033E12E6-B4E5-4B9A-B5C0-6FDEC0C70A8C}
	EndGlobalSection
	GlobalSection(ExtensibilityGlobals) = postSolution
		SolutionGuid = {77E5B789-120C-4B4A-91C3-915395EFD152}
	EndGlobalSection
EndGlobal
