<Solution>
  <Folder Name="/1. Presentation/">
    <Project Path="audiform.client/audiform.client.esproj">
      <Build />
      <Deploy />
    </Project>
    <Project Path="Audiform.Server/Audiform.Server.csproj" />
  </Folder>
  <Folder Name="/2. Application/">
    <Project Path="Application/Application.csproj" />
  </Folder>
  <Folder Name="/2. Application/Orders/" />
  <Folder Name="/3. Domain/">
    <Project Path="Domain/Domain.csproj" />
  </Folder>
  <Folder Name="/4. Infrastructure/">
    <Project Path="Infrastructure/Infrastructure.csproj" />
  </Folder>
  <Folder Name="/Storage/" />
  <Folder Name="/Storage/orders/" />
  <Project Path="UnitTests/UnitTests.csproj" Id="5c820a9c-6a68-42e6-90ac-7d6c8c4aa521" />
  <Project Path="UserTests/UserTests.csproj">
    <Build Solution="Debug|*" Project="false" />
  </Project>
</Solution>
