
Microsoft Visual Studio Solution File, Format Version 12.00
# Visual Studio Version 18
VisualStudioVersion = 18.6.11828.311 oobstable
MinimumVisualStudioVersion = 10.0.40219.1
Project("{54A90642-561A-4BB1-A94E-469ADEE60C69}") = "Audiform.client", "audiform.client\Audiform.client.esproj", "{433F810E-05B3-FB05-8E3B-C8FC459ABDA4}"
EndProject
Project("{FAE04EC0-301F-11D3-BF4B-00C04F79EFBC}") = "Audiform.Server", "Audiform.Server\Audiform.Server.csproj", "{D58A5FB0-94E7-438D-A551-102179E1EB70}"
EndProject
Project("{2150E333-8FDC-42A3-9474-1A3956D46DE8}") = "1. Presentation", "1. Presentation", "{02EA681E-C7D8-13C7-8484-4AC65E1B71E8}"
EndProject
Project("{2150E333-8FDC-42A3-9474-1A3956D46DE8}") = "2. Application", "2. Application", "{FF0BAB50-0FE5-4F34-AE1D-EB58291724AF}"
EndProject
Project("{2150E333-8FDC-42A3-9474-1A3956D46DE8}") = "3. Domain", "3. Domain", "{57B9F1CE-79B5-4564-9F31-4018530F31DA}"
EndProject
Project("{2150E333-8FDC-42A3-9474-1A3956D46DE8}") = "4. infrastructure", "4. infrastructure", "{2AD607CE-B000-478A-B170-3549FD4FD413}"
EndProject
Project("{FAE04EC0-301F-11D3-BF4B-00C04F79EFBC}") = "Application", "Application\Application.csproj", "{324B22BB-135D-488A-8598-E700457B7045}"
EndProject
Project("{FAE04EC0-301F-11D3-BF4B-00C04F79EFBC}") = "Domain", "Domain\Domain.csproj", "{55B691B9-4183-466D-8183-4A1F0D9499CE}"
EndProject
Project("{FAE04EC0-301F-11D3-BF4B-00C04F79EFBC}") = "Infrastructure", "Infrastructure\Infrastructure.csproj", "{08B0A23D-9B88-4FC1-9031-FE3FD8567312}"
EndProject
Project("{FAE04EC0-301F-11D3-BF4B-00C04F79EFBC}") = "UserTests", "UserTests\UserTests.csproj", "{B1188700-9132-E44F-A705-C642B951A026}"
EndProject
Global
	GlobalSection(SolutionConfigurationPlatforms) = preSolution
		Debug|Any CPU = Debug|Any CPU
		Release|Any CPU = Release|Any CPU
	EndGlobalSection
	GlobalSection(ProjectConfigurationPlatforms) = postSolution
		{433F810E-05B3-FB05-8E3B-C8FC459ABDA4}.Debug|Any CPU.ActiveCfg = Debug|Any CPU
		{433F810E-05B3-FB05-8E3B-C8FC459ABDA4}.Debug|Any CPU.Build.0 = Debug|Any CPU
		{433F810E-05B3-FB05-8E3B-C8FC459ABDA4}.Debug|Any CPU.Deploy.0 = Debug|Any CPU
		{433F810E-05B3-FB05-8E3B-C8FC459ABDA4}.Release|Any CPU.ActiveCfg = Release|Any CPU
		{433F810E-05B3-FB05-8E3B-C8FC459ABDA4}.Release|Any CPU.Build.0 = Release|Any CPU
		{433F810E-05B3-FB05-8E3B-C8FC459ABDA4}.Release|Any CPU.Deploy.0 = Release|Any CPU
		{D58A5FB0-94E7-438D-A551-102179E1EB70}.Debug|Any CPU.ActiveCfg = Debug|Any CPU
		{D58A5FB0-94E7-438D-A551-102179E1EB70}.Debug|Any CPU.Build.0 = Debug|Any CPU
		{D58A5FB0-94E7-438D-A551-102179E1EB70}.Release|Any CPU.ActiveCfg = Release|Any CPU
		{D58A5FB0-94E7-438D-A551-102179E1EB70}.Release|Any CPU.Build.0 = Release|Any CPU
		{324B22BB-135D-488A-8598-E700457B7045}.Debug|Any CPU.ActiveCfg = Debug|Any CPU
		{324B22BB-135D-488A-8598-E700457B7045}.Debug|Any CPU.Build.0 = Debug|Any CPU
		{324B22BB-135D-488A-8598-E700457B7045}.Release|Any CPU.ActiveCfg = Release|Any CPU
		{324B22BB-135D-488A-8598-E700457B7045}.Release|Any CPU.Build.0 = Release|Any CPU
		{55B691B9-4183-466D-8183-4A1F0D9499CE}.Debug|Any CPU.ActiveCfg = Debug|Any CPU
		{55B691B9-4183-466D-8183-4A1F0D9499CE}.Debug|Any CPU.Build.0 = Debug|Any CPU
		{55B691B9-4183-466D-8183-4A1F0D9499CE}.Release|Any CPU.ActiveCfg = Release|Any CPU
		{55B691B9-4183-466D-8183-4A1F0D9499CE}.Release|Any CPU.Build.0 = Release|Any CPU
		{08B0A23D-9B88-4FC1-9031-FE3FD8567312}.Debug|Any CPU.ActiveCfg = Debug|Any CPU
		{08B0A23D-9B88-4FC1-9031-FE3FD8567312}.Debug|Any CPU.Build.0 = Debug|Any CPU
		{08B0A23D-9B88-4FC1-9031-FE3FD8567312}.Release|Any CPU.ActiveCfg = Release|Any CPU
		{08B0A23D-9B88-4FC1-9031-FE3FD8567312}.Release|Any CPU.Build.0 = Release|Any CPU
		{B1188700-9132-E44F-A705-C642B951A026}.Debug|Any CPU.ActiveCfg = Debug|Any CPU
		{B1188700-9132-E44F-A705-C642B951A026}.Debug|Any CPU.Build.0 = Debug|Any CPU
		{B1188700-9132-E44F-A705-C642B951A026}.Release|Any CPU.ActiveCfg = Release|Any CPU
		{B1188700-9132-E44F-A705-C642B951A026}.Release|Any CPU.Build.0 = Release|Any CPU
	EndGlobalSection
	GlobalSection(SolutionProperties) = preSolution
		HideSolutionNode = FALSE
	EndGlobalSection
	GlobalSection(NestedProjects) = preSolution
		{433F810E-05B3-FB05-8E3B-C8FC459ABDA4} = {02EA681E-C7D8-13C7-8484-4AC65E1B71E8}
		{D58A5FB0-94E7-438D-A551-102179E1EB70} = {02EA681E-C7D8-13C7-8484-4AC65E1B71E8}
		{324B22BB-135D-488A-8598-E700457B7045} = {FF0BAB50-0FE5-4F34-AE1D-EB58291724AF}
		{55B691B9-4183-466D-8183-4A1F0D9499CE} = {57B9F1CE-79B5-4564-9F31-4018530F31DA}
		{08B0A23D-9B88-4FC1-9031-FE3FD8567312} = {2AD607CE-B000-478A-B170-3549FD4FD413}
	EndGlobalSection
	GlobalSection(ExtensibilityGlobals) = postSolution
		SolutionGuid = {A4380E7D-906F-442C-B61C-D85BCF67207E}
	EndGlobalSection
EndGlobal
